// !$*UTF8*$!
{
	archiveVersion = 1;
	classes = {
	};
	objectVersion = 46;
	objects = {

/* Begin PBXAggregateTarget section */
		"DelegateKit::DelegateKitPackageTests::ProductTarget" /* DelegateKitPackageTests */ = {
			isa = PBXAggregateTarget;
			buildConfigurationList = OBJ_39 /* Build configuration list for PBXAggregateTarget "DelegateKitPackageTests" */;
			buildPhases = (
			);
			dependencies = (
				OBJ_42 /* PBXTargetDependency */,
			);
			name = DelegateKitPackageTests;
			productName = DelegateKitPackageTests;
		};
/* End PBXAggregateTarget section */

/* Begin PBXBuildFile section */
		2475E40997F5F5B589C62640 /* DelegateSeedGenericTypeTests.swift in Sources */ = {isa = PBXBuildFile; fileRef = 2475EBAE4EB990E586DF66BB /* DelegateSeedGenericTypeTests.swift */; };
		2475E571C643E639ED7157D5 /* DelegateSeed.swift in Sources */ = {isa = PBXBuildFile; fileRef = 2475E77AB32D4A2552BBE97B /* DelegateSeed.swift */; };
		2475E6DA9E2133910FE5EA62 /* DelegateKit.swift in Sources */ = {isa = PBXBuildFile; fileRef = 2475E1D2D7A219204A171451 /* DelegateKit.swift */; };
		2475E713B7B373C4D04A4FB1 /* ComposeDelegate.swift in Sources */ = {isa = PBXBuildFile; fileRef = 2475E8C4E888FBC69701ED05 /* ComposeDelegate.swift */; };
		2475EAD88770EF08518A9FB4 /* ComposeDelegateTests.swift in Sources */ = {isa = PBXBuildFile; fileRef = 2475E1ED6C812C7ED0950BAE /* ComposeDelegateTests.swift */; };
		2475ED4DD688F5A959B4B7D2 /* DelegateSeedTests.swift in Sources */ = {isa = PBXBuildFile; fileRef = 2475E18B7512E8CAC48331D1 /* DelegateSeedTests.swift */; };
		2475ED86B719BDC9CF1799C5 /* DelegateChain.swift in Sources */ = {isa = PBXBuildFile; fileRef = 2475E825B9CEF6AC1EE15A94 /* DelegateChain.swift */; };
		2475EEB58A3509266290F725 /* AnyDelegate.swift in Sources */ = {isa = PBXBuildFile; fileRef = 2475EAAA219FF6F97D1E021F /* AnyDelegate.swift */; };
		OBJ_21 /* Package.swift in Sources */ = {isa = PBXBuildFile; fileRef = OBJ_6 /* Package.swift */; };
		OBJ_27 /* DelegateKitSimplestTests.swift in Sources */ = {isa = PBXBuildFile; fileRef = OBJ_12 /* DelegateKitSimplestTests.swift */; };
		OBJ_29 /* DelegateKit.framework in Frameworks */ = {isa = PBXBuildFile; fileRef = "DelegateKit::DelegateKit::Product" /* DelegateKit.framework */; };
/* End PBXBuildFile section */

/* Begin PBXContainerItemProxy section */
		62B10B4B2007875500D8FF4D /* PBXContainerItemProxy */ = {
			isa = PBXContainerItemProxy;
			containerPortal = OBJ_1 /* Project object */;
			proxyType = 1;
			remoteGlobalIDString = DelegateKit::DelegateKit;
			remoteInfo = DelegateKit;
		};
		62B10B4C2007876100D8FF4D /* PBXContainerItemProxy */ = {
			isa = PBXContainerItemProxy;
			containerPortal = OBJ_1 /* Project object */;
			proxyType = 1;
			remoteGlobalIDString = DelegateKit::DelegateKitTests;
			remoteInfo = DelegateKitTests;
		};
/* End PBXContainerItemProxy section */

/* Begin PBXFileReference section */
		2475E18B7512E8CAC48331D1 /* DelegateSeedTests.swift */ = {isa = PBXFileReference; fileEncoding = 4; lastKnownFileType = sourcecode.swift; path = DelegateSeedTests.swift; sourceTree = "<group>"; };
		2475E1D2D7A219204A171451 /* DelegateKit.swift */ = {isa = PBXFileReference; fileEncoding = 4; lastKnownFileType = sourcecode.swift; path = DelegateKit.swift; sourceTree = "<group>"; };
		2475E1ED6C812C7ED0950BAE /* ComposeDelegateTests.swift */ = {isa = PBXFileReference; fileEncoding = 4; lastKnownFileType = sourcecode.swift; path = ComposeDelegateTests.swift; sourceTree = "<group>"; };
		2475E77AB32D4A2552BBE97B /* DelegateSeed.swift */ = {isa = PBXFileReference; fileEncoding = 4; lastKnownFileType = sourcecode.swift; path = DelegateSeed.swift; sourceTree = "<group>"; };
		2475E825B9CEF6AC1EE15A94 /* DelegateChain.swift */ = {isa = PBXFileReference; fileEncoding = 4; lastKnownFileType = sourcecode.swift; path = DelegateChain.swift; sourceTree = "<group>"; };
		2475E8C4E888FBC69701ED05 /* ComposeDelegate.swift */ = {isa = PBXFileReference; fileEncoding = 4; lastKnownFileType = sourcecode.swift; path = ComposeDelegate.swift; sourceTree = "<group>"; };
		2475EAAA219FF6F97D1E021F /* AnyDelegate.swift */ = {isa = PBXFileReference; fileEncoding = 4; lastKnownFileType = sourcecode.swift; path = AnyDelegate.swift; sourceTree = "<group>"; };
		2475EBAE4EB990E586DF66BB /* DelegateSeedGenericTypeTests.swift */ = {isa = PBXFileReference; fileEncoding = 4; lastKnownFileType = sourcecode.swift; path = DelegateSeedGenericTypeTests.swift; sourceTree = "<group>"; };
		"DelegateKit::DelegateKit::Product" /* DelegateKit.framework */ = {isa = PBXFileReference; explicitFileType = wrapper.framework; path = DelegateKit.framework; sourceTree = BUILT_PRODUCTS_DIR; };
		"DelegateKit::DelegateKitTests::Product" /* DelegateKitTests.xctest */ = {isa = PBXFileReference; lastKnownFileType = file; path = DelegateKitTests.xctest; sourceTree = BUILT_PRODUCTS_DIR; };
		OBJ_12 /* DelegateKitSimplestTests.swift */ = {isa = PBXFileReference; lastKnownFileType = sourcecode.swift; path = DelegateKitSimplestTests.swift; sourceTree = "<group>"; };
		OBJ_6 /* Package.swift */ = {isa = PBXFileReference; explicitFileType = sourcecode.swift; path = Package.swift; sourceTree = "<group>"; };
/* End PBXFileReference section */

/* Begin PBXFrameworksBuildPhase section */
		OBJ_28 /* Frameworks */ = {
			isa = PBXFrameworksBuildPhase;
			buildActionMask = 0;
			files = (
				OBJ_29 /* DelegateKit.framework in Frameworks */,
			);
			runOnlyForDeploymentPostprocessing = 0;
		};
		OBJ_37 /* Frameworks */ = {
			isa = PBXFrameworksBuildPhase;
			buildActionMask = 0;
			files = (
			);
			runOnlyForDeploymentPostprocessing = 0;
		};
/* End PBXFrameworksBuildPhase section */

/* Begin PBXGroup section */
		OBJ_10 /* Tests */ = {
			isa = PBXGroup;
			children = (
				OBJ_11 /* DelegateKitTests */,
			);
			name = Tests;
			path = Tests;
			sourceTree = "<group>";
		};
		OBJ_11 /* DelegateKitTests */ = {
			isa = PBXGroup;
			children = (
				OBJ_12 /* DelegateKitSimplestTests.swift */,
				2475EBAE4EB990E586DF66BB /* DelegateSeedGenericTypeTests.swift */,
				2475E18B7512E8CAC48331D1 /* DelegateSeedTests.swift */,
				2475E1ED6C812C7ED0950BAE /* ComposeDelegateTests.swift */,
			);
			name = DelegateKitTests;
			path = DelegateKitTests;
			sourceTree = "<group>";
		};
		OBJ_13 /* Products */ = {
			isa = PBXGroup;
			children = (
				"DelegateKit::DelegateKitTests::Product" /* DelegateKitTests.xctest */,
				"DelegateKit::DelegateKit::Product" /* DelegateKit.framework */,
			);
			name = Products;
			sourceTree = BUILT_PRODUCTS_DIR;
		};
		OBJ_5 /*  */ = {
			isa = PBXGroup;
			children = (
				OBJ_13 /* Products */,
				OBJ_7 /* Sources */,
				OBJ_10 /* Tests */,
				OBJ_6 /* Package.swift */,
			);
			name = "";
			sourceTree = "<group>";
		};
		OBJ_7 /* Sources */ = {
			isa = PBXGroup;
			children = (
				OBJ_8 /* DelegateKit */,
			);
			name = Sources;
			path = Sources;
			sourceTree = "<group>";
		};
		OBJ_8 /* DelegateKit */ = {
			isa = PBXGroup;
			children = (
				2475E1D2D7A219204A171451 /* DelegateKit.swift */,
				2475E8C4E888FBC69701ED05 /* ComposeDelegate.swift */,
				2475E77AB32D4A2552BBE97B /* DelegateSeed.swift */,
				2475E825B9CEF6AC1EE15A94 /* DelegateChain.swift */,
				2475EAAA219FF6F97D1E021F /* AnyDelegate.swift */,
			);
			name = DelegateKit;
			path = DelegateKit;
			sourceTree = "<group>";
		};
/* End PBXGroup section */

/* Begin PBXNativeTarget section */
		"DelegateKit::DelegateKit" /* DelegateKit */ = {
			isa = PBXNativeTarget;
			buildConfigurationList = OBJ_32 /* Build configuration list for PBXNativeTarget "DelegateKit" */;
			buildPhases = (
				OBJ_35 /* Sources */,
				OBJ_37 /* Frameworks */,
			);
			buildRules = (
			);
			dependencies = (
			);
			name = DelegateKit;
			productName = DelegateKit;
			productReference = "DelegateKit::DelegateKit::Product" /* DelegateKit.framework */;
			productType = "com.apple.product-type.framework";
		};
		"DelegateKit::DelegateKitTests" /* DelegateKitTests */ = {
			isa = PBXNativeTarget;
			buildConfigurationList = OBJ_23 /* Build configuration list for PBXNativeTarget "DelegateKitTests" */;
			buildPhases = (
				OBJ_26 /* Sources */,
				OBJ_28 /* Frameworks */,
			);
			buildRules = (
			);
			dependencies = (
				OBJ_30 /* PBXTargetDependency */,
			);
			name = DelegateKitTests;
			productName = DelegateKitTests;
			productReference = "DelegateKit::DelegateKitTests::Product" /* DelegateKitTests.xctest */;
			productType = "com.apple.product-type.bundle.unit-test";
		};
		"DelegateKit::SwiftPMPackageDescription" /* DelegateKitPackageDescription */ = {
			isa = PBXNativeTarget;
			buildConfigurationList = OBJ_17 /* Build configuration list for PBXNativeTarget "DelegateKitPackageDescription" */;
			buildPhases = (
				OBJ_20 /* Sources */,
			);
			buildRules = (
			);
			dependencies = (
			);
			name = DelegateKitPackageDescription;
			productName = DelegateKitPackageDescription;
			productType = "com.apple.product-type.framework";
		};
/* End PBXNativeTarget section */

/* Begin PBXProject section */
		OBJ_1 /* Project object */ = {
			isa = PBXProject;
			attributes = {
				LastUpgradeCheck = 9999;
			};
			buildConfigurationList = OBJ_2 /* Build configuration list for PBXProject "DelegateKit" */;
			compatibilityVersion = "Xcode 3.2";
			developmentRegion = English;
			hasScannedForEncodings = 0;
			knownRegions = (
				en,
			);
			mainGroup = OBJ_5 /*  */;
			productRefGroup = OBJ_13 /* Products */;
			projectDirPath = "";
			projectRoot = "";
			targets = (
				"DelegateKit::SwiftPMPackageDescription" /* DelegateKitPackageDescription */,
				"DelegateKit::DelegateKitTests" /* DelegateKitTests */,
				"DelegateKit::DelegateKit" /* DelegateKit */,
				"DelegateKit::DelegateKitPackageTests::ProductTarget" /* DelegateKitPackageTests */,
			);
		};
/* End PBXProject section */

/* Begin PBXSourcesBuildPhase section */
		OBJ_20 /* Sources */ = {
			isa = PBXSourcesBuildPhase;
			buildActionMask = 0;
			files = (
				OBJ_21 /* Package.swift in Sources */,
			);
			runOnlyForDeploymentPostprocessing = 0;
		};
		OBJ_26 /* Sources */ = {
			isa = PBXSourcesBuildPhase;
			buildActionMask = 0;
			files = (
				OBJ_27 /* DelegateKitSimplestTests.swift in Sources */,
				2475ED4DD688F5A959B4B7D2 /* DelegateSeedTests.swift in Sources */,
				2475E40997F5F5B589C62640 /* DelegateSeedGenericTypeTests.swift in Sources */,
				2475EAD88770EF08518A9FB4 /* ComposeDelegateTests.swift in Sources */,
			);
			runOnlyForDeploymentPostprocessing = 0;
		};
		OBJ_35 /* Sources */ = {
			isa = PBXSourcesBuildPhase;
			buildActionMask = 0;
			files = (
				2475E6DA9E2133910FE5EA62 /* DelegateKit.swift in Sources */,
				2475E713B7B373C4D04A4FB1 /* ComposeDelegate.swift in Sources */,
				2475E571C643E639ED7157D5 /* DelegateSeed.swift in Sources */,
				2475ED86B719BDC9CF1799C5 /* DelegateChain.swift in Sources */,
				2475EEB58A3509266290F725 /* AnyDelegate.swift in Sources */,
			);
			runOnlyForDeploymentPostprocessing = 0;
		};
/* End PBXSourcesBuildPhase section */

/* Begin PBXTargetDependency section */
		OBJ_30 /* PBXTargetDependency */ = {
			isa = PBXTargetDependency;
			target = "DelegateKit::DelegateKit" /* DelegateKit */;
			targetProxy = 62B10B4B2007875500D8FF4D /* PBXContainerItemProxy */;
		};
		OBJ_42 /* PBXTargetDependency */ = {
			isa = PBXTargetDependency;
			target = "DelegateKit::DelegateKitTests" /* DelegateKitTests */;
			targetProxy = 62B10B4C2007876100D8FF4D /* PBXContainerItemProxy */;
		};
/* End PBXTargetDependency section */

/* Begin XCBuildConfiguration section */
		OBJ_18 /* Debug */ = {
			isa = XCBuildConfiguration;
			buildSettings = {
				LD = /usr/bin/true;
				OTHER_SWIFT_FLAGS = "-swift-version 4 -I /Applications/Xcode-9.0.1.app/Contents/Developer/Toolchains/XcodeDefault.xctoolchain/usr/lib/swift/pm/4 -target x86_64-apple-macosx10.10 -sdk /Applications/Xcode-9.1.app/Contents/Developer/Platforms/MacOSX.platform/Developer/SDKs/MacOSX10.13.sdk";
				SWIFT_VERSION = 4.0;
			};
			name = Debug;
		};
		OBJ_19 /* Release */ = {
			isa = XCBuildConfiguration;
			buildSettings = {
				LD = /usr/bin/true;
				OTHER_SWIFT_FLAGS = "-swift-version 4 -I /Applications/Xcode-9.0.1.app/Contents/Developer/Toolchains/XcodeDefault.xctoolchain/usr/lib/swift/pm/4 -target x86_64-apple-macosx10.10 -sdk /Applications/Xcode-9.1.app/Contents/Developer/Platforms/MacOSX.platform/Developer/SDKs/MacOSX10.13.sdk";
				SWIFT_VERSION = 4.0;
			};
			name = Release;
		};
		OBJ_24 /* Debug */ = {
			isa = XCBuildConfiguration;
			buildSettings = {
				EMBEDDED_CONTENT_CONTAINS_SWIFT = YES;
				FRAMEWORK_SEARCH_PATHS = (
					"$(inherited)",
					"$(PLATFORM_DIR)/Developer/Library/Frameworks",
				);
				HEADER_SEARCH_PATHS = "$(inherited)";
				INFOPLIST_FILE = DelegateKit.xcodeproj/DelegateKitTests_Info.plist;
				LD_RUNPATH_SEARCH_PATHS = "@loader_path/../Frameworks @loader_path/Frameworks";
				OTHER_LDFLAGS = "$(inherited)";
				OTHER_SWIFT_FLAGS = "$(inherited)";
				SWIFT_VERSION = 4.0;
				TARGET_NAME = DelegateKitTests;
			};
			name = Debug;
		};
		OBJ_25 /* Release */ = {
			isa = XCBuildConfiguration;
			buildSettings = {
				EMBEDDED_CONTENT_CONTAINS_SWIFT = YES;
				FRAMEWORK_SEARCH_PATHS = (
					"$(inherited)",
					"$(PLATFORM_DIR)/Developer/Library/Frameworks",
				);
				HEADER_SEARCH_PATHS = "$(inherited)";
				INFOPLIST_FILE = DelegateKit.xcodeproj/DelegateKitTests_Info.plist;
				LD_RUNPATH_SEARCH_PATHS = "@loader_path/../Frameworks @loader_path/Frameworks";
				OTHER_LDFLAGS = "$(inherited)";
				OTHER_SWIFT_FLAGS = "$(inherited)";
				SWIFT_VERSION = 4.0;
				TARGET_NAME = DelegateKitTests;
			};
			name = Release;
		};
		OBJ_3 /* Debug */ = {
			isa = XCBuildConfiguration;
			buildSettings = {
				CLANG_ENABLE_OBJC_ARC = YES;
				COMBINE_HIDPI_IMAGES = YES;
				COPY_PHASE_STRIP = NO;
				DEBUG_INFORMATION_FORMAT = dwarf;
				DYLIB_INSTALL_NAME_BASE = "@rpath";
				ENABLE_NS_ASSERTIONS = YES;
				GCC_OPTIMIZATION_LEVEL = 0;
				MACOSX_DEPLOYMENT_TARGET = 10.10;
				ONLY_ACTIVE_ARCH = YES;
				OTHER_SWIFT_FLAGS = "-DXcode";
				PRODUCT_NAME = "$(TARGET_NAME)";
				SDKROOT = macosx;
				SUPPORTED_PLATFORMS = "macosx iphoneos iphonesimulator appletvos appletvsimulator watchos watchsimulator";
				SWIFT_ACTIVE_COMPILATION_CONDITIONS = SWIFT_PACKAGE;
				SWIFT_OPTIMIZATION_LEVEL = "-Onone";
				USE_HEADERMAP = NO;
			};
			name = Debug;
		};
		OBJ_33 /* Debug */ = {
			isa = XCBuildConfiguration;
			buildSettings = {
				ENABLE_TESTABILITY = YES;
				FRAMEWORK_SEARCH_PATHS = (
					"$(inherited)",
					"$(PLATFORM_DIR)/Developer/Library/Frameworks",
				);
				HEADER_SEARCH_PATHS = "$(inherited)";
				INFOPLIST_FILE = DelegateKit.xcodeproj/DelegateKit_Info.plist;
				LD_RUNPATH_SEARCH_PATHS = "$(TOOLCHAIN_DIR)/usr/lib/swift/macosx";
				OTHER_LDFLAGS = "$(inherited)";
				OTHER_SWIFT_FLAGS = "$(inherited)";
				PRODUCT_BUNDLE_IDENTIFIER = DelegateKit;
				PRODUCT_MODULE_NAME = "$(TARGET_NAME:c99extidentifier)";
				PRODUCT_NAME = "$(TARGET_NAME:c99extidentifier)";
				SKIP_INSTALL = YES;
				SWIFT_VERSION = 4.0;
				TARGET_NAME = DelegateKit;
			};
			name = Debug;
		};
		OBJ_34 /* Release */ = {
			isa = XCBuildConfiguration;
			buildSettings = {
				ENABLE_TESTABILITY = YES;
				FRAMEWORK_SEARCH_PATHS = (
					"$(inherited)",
					"$(PLATFORM_DIR)/Developer/Library/Frameworks",
				);
				HEADER_SEARCH_PATHS = "$(inherited)";
				INFOPLIST_FILE = DelegateKit.xcodeproj/DelegateKit_Info.plist;
				LD_RUNPATH_SEARCH_PATHS = "$(TOOLCHAIN_DIR)/usr/lib/swift/macosx";
				OTHER_LDFLAGS = "$(inherited)";
				OTHER_SWIFT_FLAGS = "$(inherited)";
				PRODUCT_BUNDLE_IDENTIFIER = DelegateKit;
				PRODUCT_MODULE_NAME = "$(TARGET_NAME:c99extidentifier)";
				PRODUCT_NAME = "$(TARGET_NAME:c99extidentifier)";
				SKIP_INSTALL = YES;
				SWIFT_VERSION = 4.0;
				TARGET_NAME = DelegateKit;
			};
			name = Release;
		};
		OBJ_4 /* Release */ = {
			isa = XCBuildConfiguration;
			buildSettings = {
				CLANG_ENABLE_OBJC_ARC = YES;
				COMBINE_HIDPI_IMAGES = YES;
				COPY_PHASE_STRIP = YES;
				DEBUG_INFORMATION_FORMAT = "dwarf-with-dsym";
				DYLIB_INSTALL_NAME_BASE = "@rpath";
				GCC_OPTIMIZATION_LEVEL = s;
				MACOSX_DEPLOYMENT_TARGET = 10.10;
				OTHER_SWIFT_FLAGS = "-DXcode";
				PRODUCT_NAME = "$(TARGET_NAME)";
				SDKROOT = macosx;
				SUPPORTED_PLATFORMS = "macosx iphoneos iphonesimulator appletvos appletvsimulator watchos watchsimulator";
				SWIFT_ACTIVE_COMPILATION_CONDITIONS = SWIFT_PACKAGE;
				SWIFT_OPTIMIZATION_LEVEL = "-Owholemodule";
				USE_HEADERMAP = NO;
			};
			name = Release;
		};
		OBJ_40 /* Debug */ = {
			isa = XCBuildConfiguration;
			buildSettings = {
			};
			name = Debug;
		};
		OBJ_41 /* Release */ = {
			isa = XCBuildConfiguration;
			buildSettings = {
			};
			name = Release;
		};
/* End XCBuildConfiguration section */

/* Begin XCConfigurationList section */
		OBJ_17 /* Build configuration list for PBXNativeTarget "DelegateKitPackageDescription" */ = {
			isa = XCConfigurationList;
			buildConfigurations = (
				OBJ_18 /* Debug */,
				OBJ_19 /* Release */,
			);
			defaultConfigurationIsVisible = 0;
			defaultConfigurationName = Debug;
		};
		OBJ_2 /* Build configuration list for PBXProject "DelegateKit" */ = {
			isa = XCConfigurationList;
			buildConfigurations = (
				OBJ_3 /* Debug */,
				OBJ_4 /* Release */,
			);
			defaultConfigurationIsVisible = 0;
			defaultConfigurationName = Debug;
		};
		OBJ_23 /* Build configuration list for PBXNativeTarget "DelegateKitTests" */ = {
			isa = XCConfigurationList;
			buildConfigurations = (
				OBJ_24 /* Debug */,
				OBJ_25 /* Release */,
			);
			defaultConfigurationIsVisible = 0;
			defaultConfigurationName = Debug;
		};
		OBJ_32 /* Build configuration list for PBXNativeTarget "DelegateKit" */ = {
			isa = XCConfigurationList;
			buildConfigurations = (
				OBJ_33 /* Debug */,
				OBJ_34 /* Release */,
			);
			defaultConfigurationIsVisible = 0;
			defaultConfigurationName = Debug;
		};
		OBJ_39 /* Build configuration list for PBXAggregateTarget "DelegateKitPackageTests" */ = {
			isa = XCConfigurationList;
			buildConfigurations = (
				OBJ_40 /* Debug */,
				OBJ_41 /* Release */,
			);
			defaultConfigurationIsVisible = 0;
			defaultConfigurationName = Debug;
		};
/* End XCConfigurationList section */
	};
	rootObject = OBJ_1 /* Project object */;
}
